// !$*UTF8*$!
{
	archiveVersion = 1;
	classes = {
	};
	objectVersion = 56;
	objects = {

/* Begin PBXBuildFile section */
		52666568294792EC00388850 /* TextArea1.swift in Sources */ = {isa = PBXBuildFile; fileRef = 52666567294792EC00388850 /* TextArea1.swift */; };
		5266656A2947933400388850 /* NewPostView1.swift in Sources */ = {isa = PBXBuildFile; fileRef = 526665692947933400388850 /* NewPostView1.swift */; };
		5266656D2947939D00388850 /* FeedView1.swift in Sources */ = {isa = PBXBuildFile; fileRef = 5266656C2947939D00388850 /* FeedView1.swift */; };
		52666570294793E000388850 /* GopherRowView1.swift in Sources */ = {isa = PBXBuildFile; fileRef = 5266656F294793E000388850 /* GopherRowView1.swift */; };
		526665732947943500388850 /* ProfileView1.swift in Sources */ = {isa = PBXBuildFile; fileRef = 526665722947943500388850 /* ProfileView1.swift */; };
		526665772947947B00388850 /* GopherFilterViewModel1.swift in Sources */ = {isa = PBXBuildFile; fileRef = 526665762947947B00388850 /* GopherFilterViewModel1.swift */; };
		690409412946984500D378B3 /* TimePickerView.swift in Sources */ = {isa = PBXBuildFile; fileRef = 690409402946984500D378B3 /* TimePickerView.swift */; };
		690409452946D16000D378B3 /* HomeSwiftUIView.swift in Sources */ = {isa = PBXBuildFile; fileRef = 690409442946D16000D378B3 /* HomeSwiftUIView.swift */; };
		69129861293C2B6E00C5CA2B /* PostPreviewTableViewCell.swift in Sources */ = {isa = PBXBuildFile; fileRef = 69129860293C2B6E00C5CA2B /* PostPreviewTableViewCell.swift */; };
		69129863293C2BB700C5CA2B /* PostHeaderTableViewCell.swift in Sources */ = {isa = PBXBuildFile; fileRef = 69129862293C2BB700C5CA2B /* PostHeaderTableViewCell.swift */; };
		69129866293D7D6000C5CA2B /* FriendsView.swift in Sources */ = {isa = PBXBuildFile; fileRef = 69129865293D7D6000C5CA2B /* FriendsView.swift */; };
		69DB85F0294106FF00E0095A /* PostCell.swift in Sources */ = {isa = PBXBuildFile; fileRef = 69DB85EF294106FE00E0095A /* PostCell.swift */; };
		69DB85F7294107E400E0095A /* BusinessProfileHeader.swift in Sources */ = {isa = PBXBuildFile; fileRef = 69DB85F6294107E400E0095A /* BusinessProfileHeader.swift */; };
		69DB85FF29423D4500E0095A /* AppointmentScheduler.swift in Sources */ = {isa = PBXBuildFile; fileRef = 69DB85FE29423D4400E0095A /* AppointmentScheduler.swift */; };
		69DB860129423F0300E0095A /* AppointmentListView.swift in Sources */ = {isa = PBXBuildFile; fileRef = 69DB860029423F0300E0095A /* AppointmentListView.swift */; };
		69DB864329424B4200E0095A /* MapView.swift in Sources */ = {isa = PBXBuildFile; fileRef = 69DB864229424B4200E0095A /* MapView.swift */; };
		69DB86852945738F00E0095A /* Post.swift in Sources */ = {isa = PBXBuildFile; fileRef = 69DB86842945738F00E0095A /* Post.swift */; };
		69F99669293B267800D3C0D4 /* DatePickerCalender.swift in Sources */ = {isa = PBXBuildFile; fileRef = 69F99668293B267800D3C0D4 /* DatePickerCalender.swift */; };
		69F9966B293B273A00D3C0D4 /* FormattedDate.swift in Sources */ = {isa = PBXBuildFile; fileRef = 69F9966A293B273A00D3C0D4 /* FormattedDate.swift */; };
		69F99670293B293C00D3C0D4 /* Algorithms in Frameworks */ = {isa = PBXBuildFile; productRef = 69F9966F293B293C00D3C0D4 /* Algorithms */; };
		69F99672293B2E5D00D3C0D4 /* CalendarView.swift in Sources */ = {isa = PBXBuildFile; fileRef = 69F99671293B2E5D00D3C0D4 /* CalendarView.swift */; };
		69F99675293BABC400D3C0D4 /* FSCalendar in Frameworks */ = {isa = PBXBuildFile; productRef = 69F99674293BABC400D3C0D4 /* FSCalendar */; };
		A55DC49D293EBDA3003F6CF4 /* ClickedDay.swift in Sources */ = {isa = PBXBuildFile; fileRef = A55DC49C293EBDA3003F6CF4 /* ClickedDay.swift */; };
		A55DC49F293ECF00003F6CF4 /* ConfirmationPage.swift in Sources */ = {isa = PBXBuildFile; fileRef = A55DC49E293ECF00003F6CF4 /* ConfirmationPage.swift */; };
		A5C16BAE2946A4F3004AA53F /* AddAvailability.swift in Sources */ = {isa = PBXBuildFile; fileRef = A5C16BAD2946A4F3004AA53F /* AddAvailability.swift */; };
		ADD683FF293D46F7007C6355 /* ProfileViewController.swift in Sources */ = {isa = PBXBuildFile; fileRef = ADD683FE293D46F7007C6355 /* ProfileViewController.swift */; };
		ADD68401293D4712007C6355 /* NewPostViewController.swift in Sources */ = {isa = PBXBuildFile; fileRef = ADD68400293D4712007C6355 /* NewPostViewController.swift */; };
		ADD68403293EE59F007C6355 /* ProfileView.swift in Sources */ = {isa = PBXBuildFile; fileRef = ADD68402293EE59F007C6355 /* ProfileView.swift */; };
		ADD684302947E485007C6355 /* ImagePickerView.swift in Sources */ = {isa = PBXBuildFile; fileRef = ADD6842F2947E485007C6355 /* ImagePickerView.swift */; };
		D60662E2293FA7F10094AAE3 /* BusinessSignUpViewController.swift in Sources */ = {isa = PBXBuildFile; fileRef = D60662E1293FA7F10094AAE3 /* BusinessSignUpViewController.swift */; };
		D65F58242933171300DE7F2F /* SignUpViewController.swift in Sources */ = {isa = PBXBuildFile; fileRef = D65F58232933171300DE7F2F /* SignUpViewController.swift */; };
		D65F58272933173700DE7F2F /* LoginViewController.swift in Sources */ = {isa = PBXBuildFile; fileRef = D65F58262933173700DE7F2F /* LoginViewController.swift */; };
		D65F58292933174B00DE7F2F /* HomeViewController.swift in Sources */ = {isa = PBXBuildFile; fileRef = D65F58282933174B00DE7F2F /* HomeViewController.swift */; };
		D65F582D2933227400DE7F2F /* ViewController.swift in Sources */ = {isa = PBXBuildFile; fileRef = D65F582C2933227400DE7F2F /* ViewController.swift */; };
		D65F583029332CB900DE7F2F /* FirebaseAuth in Frameworks */ = {isa = PBXBuildFile; productRef = D65F582F29332CB900DE7F2F /* FirebaseAuth */; };
		D65F583229332CB900DE7F2F /* FirebaseDatabase in Frameworks */ = {isa = PBXBuildFile; productRef = D65F583129332CB900DE7F2F /* FirebaseDatabase */; };
		D65F583429332CB900DE7F2F /* FirebaseFirestore in Frameworks */ = {isa = PBXBuildFile; productRef = D65F583329332CB900DE7F2F /* FirebaseFirestore */; };
		D65F583629332CB900DE7F2F /* FirebaseFirestoreCombine-Community in Frameworks */ = {isa = PBXBuildFile; productRef = D65F583529332CB900DE7F2F /* FirebaseFirestoreCombine-Community */; };
		D65F583829332CB900DE7F2F /* FirebaseFirestoreSwift in Frameworks */ = {isa = PBXBuildFile; productRef = D65F583729332CB900DE7F2F /* FirebaseFirestoreSwift */; };
		D65F583A29332CB900DE7F2F /* FirebaseStorage in Frameworks */ = {isa = PBXBuildFile; productRef = D65F583929332CB900DE7F2F /* FirebaseStorage */; };
		D6C2F9852930813B008146D3 /* GophurApp.swift in Sources */ = {isa = PBXBuildFile; fileRef = D6C2F9842930813B008146D3 /* GophurApp.swift */; };
		D6C2F9872930813B008146D3 /* ContentView.swift in Sources */ = {isa = PBXBuildFile; fileRef = D6C2F9862930813B008146D3 /* ContentView.swift */; };
		D6C2F9892930813C008146D3 /* Assets.xcassets in Resources */ = {isa = PBXBuildFile; fileRef = D6C2F9882930813C008146D3 /* Assets.xcassets */; };
		D6C2F9942930824E008146D3 /* GoogleService-Info.plist in Resources */ = {isa = PBXBuildFile; fileRef = D6C2F9932930824E008146D3 /* GoogleService-Info.plist */; };
		D6C2F99D29309035008146D3 /* LoginSignup.storyboard in Resources */ = {isa = PBXBuildFile; fileRef = D6C2F99C29309035008146D3 /* LoginSignup.storyboard */; };
/* End PBXBuildFile section */

/* Begin PBXFileReference section */
		52666567294792EC00388850 /* TextArea1.swift */ = {isa = PBXFileReference; lastKnownFileType = sourcecode.swift; path = TextArea1.swift; sourceTree = "<group>"; };
		526665692947933400388850 /* NewPostView1.swift */ = {isa = PBXFileReference; lastKnownFileType = sourcecode.swift; path = NewPostView1.swift; sourceTree = "<group>"; };
		5266656C2947939D00388850 /* FeedView1.swift */ = {isa = PBXFileReference; lastKnownFileType = sourcecode.swift; path = FeedView1.swift; sourceTree = "<group>"; };
		5266656F294793E000388850 /* GopherRowView1.swift */ = {isa = PBXFileReference; lastKnownFileType = sourcecode.swift; path = GopherRowView1.swift; sourceTree = "<group>"; };
		526665722947943500388850 /* ProfileView1.swift */ = {isa = PBXFileReference; lastKnownFileType = sourcecode.swift; path = ProfileView1.swift; sourceTree = "<group>"; };
		526665762947947B00388850 /* GopherFilterViewModel1.swift */ = {isa = PBXFileReference; lastKnownFileType = sourcecode.swift; path = GopherFilterViewModel1.swift; sourceTree = "<group>"; };
		690409402946984500D378B3 /* TimePickerView.swift */ = {isa = PBXFileReference; lastKnownFileType = sourcecode.swift; path = TimePickerView.swift; sourceTree = "<group>"; };
		690409442946D16000D378B3 /* HomeSwiftUIView.swift */ = {isa = PBXFileReference; lastKnownFileType = sourcecode.swift; path = HomeSwiftUIView.swift; sourceTree = "<group>"; };
		69129860293C2B6E00C5CA2B /* PostPreviewTableViewCell.swift */ = {isa = PBXFileReference; lastKnownFileType = sourcecode.swift; path = PostPreviewTableViewCell.swift; sourceTree = "<group>"; };
		69129862293C2BB700C5CA2B /* PostHeaderTableViewCell.swift */ = {isa = PBXFileReference; lastKnownFileType = sourcecode.swift; path = PostHeaderTableViewCell.swift; sourceTree = "<group>"; };
		69129865293D7D6000C5CA2B /* FriendsView.swift */ = {isa = PBXFileReference; lastKnownFileType = sourcecode.swift; path = FriendsView.swift; sourceTree = "<group>"; };
		69DB85EF294106FE00E0095A /* PostCell.swift */ = {isa = PBXFileReference; lastKnownFileType = sourcecode.swift; path = PostCell.swift; sourceTree = "<group>"; };
		69DB85F6294107E400E0095A /* BusinessProfileHeader.swift */ = {isa = PBXFileReference; lastKnownFileType = sourcecode.swift; path = BusinessProfileHeader.swift; sourceTree = "<group>"; };
		69DB85FE29423D4400E0095A /* AppointmentScheduler.swift */ = {isa = PBXFileReference; lastKnownFileType = sourcecode.swift; path = AppointmentScheduler.swift; sourceTree = "<group>"; };
		69DB860029423F0300E0095A /* AppointmentListView.swift */ = {isa = PBXFileReference; lastKnownFileType = sourcecode.swift; path = AppointmentListView.swift; sourceTree = "<group>"; };
		69DB864229424B4200E0095A /* MapView.swift */ = {isa = PBXFileReference; lastKnownFileType = sourcecode.swift; path = MapView.swift; sourceTree = "<group>"; };
		69DB86842945738F00E0095A /* Post.swift */ = {isa = PBXFileReference; lastKnownFileType = sourcecode.swift; path = Post.swift; sourceTree = "<group>"; };
		69F99668293B267800D3C0D4 /* DatePickerCalender.swift */ = {isa = PBXFileReference; lastKnownFileType = sourcecode.swift; path = DatePickerCalender.swift; sourceTree = "<group>"; };
		69F9966A293B273A00D3C0D4 /* FormattedDate.swift */ = {isa = PBXFileReference; lastKnownFileType = sourcecode.swift; path = FormattedDate.swift; sourceTree = "<group>"; };
		69F99671293B2E5D00D3C0D4 /* CalendarView.swift */ = {isa = PBXFileReference; lastKnownFileType = sourcecode.swift; path = CalendarView.swift; sourceTree = "<group>"; };
		A55DC49C293EBDA3003F6CF4 /* ClickedDay.swift */ = {isa = PBXFileReference; lastKnownFileType = sourcecode.swift; path = ClickedDay.swift; sourceTree = "<group>"; };
		A55DC49E293ECF00003F6CF4 /* ConfirmationPage.swift */ = {isa = PBXFileReference; lastKnownFileType = sourcecode.swift; path = ConfirmationPage.swift; sourceTree = "<group>"; };
		A5C16BAD2946A4F3004AA53F /* AddAvailability.swift */ = {isa = PBXFileReference; fileEncoding = 4; lastKnownFileType = sourcecode.swift; path = AddAvailability.swift; sourceTree = "<group>"; };
		ADD683FE293D46F7007C6355 /* ProfileViewController.swift */ = {isa = PBXFileReference; lastKnownFileType = sourcecode.swift; path = ProfileViewController.swift; sourceTree = "<group>"; };
		ADD68400293D4712007C6355 /* NewPostViewController.swift */ = {isa = PBXFileReference; lastKnownFileType = sourcecode.swift; path = NewPostViewController.swift; sourceTree = "<group>"; };
		ADD68402293EE59F007C6355 /* ProfileView.swift */ = {isa = PBXFileReference; lastKnownFileType = sourcecode.swift; path = ProfileView.swift; sourceTree = "<group>"; };
		ADD6842F2947E485007C6355 /* ImagePickerView.swift */ = {isa = PBXFileReference; lastKnownFileType = sourcecode.swift; path = ImagePickerView.swift; sourceTree = "<group>"; };
		D60662E1293FA7F10094AAE3 /* BusinessSignUpViewController.swift */ = {isa = PBXFileReference; lastKnownFileType = sourcecode.swift; path = BusinessSignUpViewController.swift; sourceTree = "<group>"; };
		D65F58232933171300DE7F2F /* SignUpViewController.swift */ = {isa = PBXFileReference; lastKnownFileType = sourcecode.swift; path = SignUpViewController.swift; sourceTree = "<group>"; };
		D65F58262933173700DE7F2F /* LoginViewController.swift */ = {isa = PBXFileReference; lastKnownFileType = sourcecode.swift; path = LoginViewController.swift; sourceTree = "<group>"; };
		D65F58282933174B00DE7F2F /* HomeViewController.swift */ = {isa = PBXFileReference; lastKnownFileType = sourcecode.swift; path = HomeViewController.swift; sourceTree = "<group>"; };
		D65F582C2933227400DE7F2F /* ViewController.swift */ = {isa = PBXFileReference; lastKnownFileType = sourcecode.swift; path = ViewController.swift; sourceTree = "<group>"; };
		D664D64F2946AE4F008E95F3 /* HomeSwiftUIView.swift */ = {isa = PBXFileReference; lastKnownFileType = sourcecode.swift; path = HomeSwiftUIView.swift; sourceTree = "<group>"; };
		D6C2F9812930813B008146D3 /* Gophur.app */ = {isa = PBXFileReference; explicitFileType = wrapper.application; includeInIndex = 0; path = Gophur.app; sourceTree = BUILT_PRODUCTS_DIR; };
		D6C2F9842930813B008146D3 /* GophurApp.swift */ = {isa = PBXFileReference; lastKnownFileType = sourcecode.swift; path = GophurApp.swift; sourceTree = "<group>"; };
		D6C2F9862930813B008146D3 /* ContentView.swift */ = {isa = PBXFileReference; lastKnownFileType = sourcecode.swift; path = ContentView.swift; sourceTree = "<group>"; };
		D6C2F9882930813C008146D3 /* Assets.xcassets */ = {isa = PBXFileReference; lastKnownFileType = folder.assetcatalog; path = Assets.xcassets; sourceTree = "<group>"; };
		D6C2F98B2930813C008146D3 /* Preview Assets.xcassets */ = {isa = PBXFileReference; lastKnownFileType = folder.assetcatalog; path = "Preview Assets.xcassets"; sourceTree = "<group>"; };
		D6C2F98D2930813C008146D3 /* Gophur.entitlements */ = {isa = PBXFileReference; lastKnownFileType = text.plist.entitlements; path = Gophur.entitlements; sourceTree = "<group>"; };
		D6C2F9932930824E008146D3 /* GoogleService-Info.plist */ = {isa = PBXFileReference; fileEncoding = 4; lastKnownFileType = text.plist.xml; path = "GoogleService-Info.plist"; sourceTree = "<group>"; };
		D6C2F99C29309035008146D3 /* LoginSignup.storyboard */ = {isa = PBXFileReference; lastKnownFileType = file.storyboard; path = LoginSignup.storyboard; sourceTree = "<group>"; };
/* End PBXFileReference section */

/* Begin PBXFrameworksBuildPhase section */
		D6C2F97E2930813B008146D3 /* Frameworks */ = {
			isa = PBXFrameworksBuildPhase;
			buildActionMask = 2147483647;
			files = (
				D65F583829332CB900DE7F2F /* FirebaseFirestoreSwift in Frameworks */,
				69F99670293B293C00D3C0D4 /* Algorithms in Frameworks */,
				D65F583229332CB900DE7F2F /* FirebaseDatabase in Frameworks */,
				D65F583629332CB900DE7F2F /* FirebaseFirestoreCombine-Community in Frameworks */,
				D65F583029332CB900DE7F2F /* FirebaseAuth in Frameworks */,
				69F99675293BABC400D3C0D4 /* FSCalendar in Frameworks */,
				D65F583429332CB900DE7F2F /* FirebaseFirestore in Frameworks */,
				D65F583A29332CB900DE7F2F /* FirebaseStorage in Frameworks */,
			);
			runOnlyForDeploymentPostprocessing = 0;
		};
/* End PBXFrameworksBuildPhase section */

/* Begin PBXGroup section */
		526665652947926800388850 /* Personal Profile */ = {
			isa = PBXGroup;
			children = (
				526665712947942500388850 /* ProfileView1 */,
				5266656E294793AE00388850 /* RowView1 */,
				5266656B2947938F00388850 /* FeedView1 */,
				526665662947929500388850 /* NewPostingView1 */,
			);
			path = "Personal Profile";
			sourceTree = "<group>";
		};
		526665662947929500388850 /* NewPostingView1 */ = {
			isa = PBXGroup;
			children = (
				52666567294792EC00388850 /* TextArea1.swift */,
				526665692947933400388850 /* NewPostView1.swift */,
				ADD6842F2947E485007C6355 /* ImagePickerView.swift */,
			);
			path = NewPostingView1;
			sourceTree = "<group>";
		};
		5266656B2947938F00388850 /* FeedView1 */ = {
			isa = PBXGroup;
			children = (
				5266656C2947939D00388850 /* FeedView1.swift */,
			);
			path = FeedView1;
			sourceTree = "<group>";
		};
		5266656E294793AE00388850 /* RowView1 */ = {
			isa = PBXGroup;
			children = (
				5266656F294793E000388850 /* GopherRowView1.swift */,
			);
			path = RowView1;
			sourceTree = "<group>";
		};
		526665712947942500388850 /* ProfileView1 */ = {
			isa = PBXGroup;
			children = (
				526665722947943500388850 /* ProfileView1.swift */,
				526665762947947B00388850 /* GopherFilterViewModel1.swift */,
			);
			path = ProfileView1;
			sourceTree = "<group>";
		};
		690409432946D07100D378B3 /* Recovered References */ = {
			isa = PBXGroup;
			children = (
				D664D64F2946AE4F008E95F3 /* HomeSwiftUIView.swift */,
			);
			name = "Recovered References";
			sourceTree = "<group>";
		};
		6912985F293C2B3200C5CA2B /* Cells */ = {
			isa = PBXGroup;
			children = (
				69129860293C2B6E00C5CA2B /* PostPreviewTableViewCell.swift */,
				69129862293C2BB700C5CA2B /* PostHeaderTableViewCell.swift */,
			);
			path = Cells;
			sourceTree = "<group>";
		};
		69129864293D7D2C00C5CA2B /* SwiftUI Views */ = {
			isa = PBXGroup;
			children = (
				69F9966A293B273A00D3C0D4 /* FormattedDate.swift */,
				69F99668293B267800D3C0D4 /* DatePickerCalender.swift */,
				69F99671293B2E5D00D3C0D4 /* CalendarView.swift */,
				69129865293D7D6000C5CA2B /* FriendsView.swift */,
				ADD68402293EE59F007C6355 /* ProfileView.swift */,
				690409402946984500D378B3 /* TimePickerView.swift */,
				690409442946D16000D378B3 /* HomeSwiftUIView.swift */,
			);
			path = "SwiftUI Views";
			sourceTree = "<group>";
		};
		69DB85F12941076100E0095A /* Business Profile */ = {
			isa = PBXGroup;
			children = (
				69DB85EF294106FE00E0095A /* PostCell.swift */,
				69DB85F6294107E400E0095A /* BusinessProfileHeader.swift */,
				69DB86842945738F00E0095A /* Post.swift */,
			);
			path = "Business Profile";
			sourceTree = "<group>";
		};
		69DB864129424B1B00E0095A /* Map */ = {
			isa = PBXGroup;
			children = (
				69DB864229424B4200E0095A /* MapView.swift */,
			);
			path = Map;
			sourceTree = "<group>";
		};
		A55DC49B293EBD95003F6CF4 /* Scheduling UIS */ = {
			isa = PBXGroup;
			children = (
				A55DC49C293EBDA3003F6CF4 /* ClickedDay.swift */,
				A55DC49E293ECF00003F6CF4 /* ConfirmationPage.swift */,
				69DB85FE29423D4400E0095A /* AppointmentScheduler.swift */,
				A5C16BAD2946A4F3004AA53F /* AddAvailability.swift */,
				69DB860029423F0300E0095A /* AppointmentListView.swift */,
			);
			path = "Scheduling UIS";
			sourceTree = "<group>";
		};
		D65F58252933171C00DE7F2F /* View Controllers */ = {
			isa = PBXGroup;
			children = (
				D65F582C2933227400DE7F2F /* ViewController.swift */,
				D65F58232933171300DE7F2F /* SignUpViewController.swift */,
				D65F58262933173700DE7F2F /* LoginViewController.swift */,
				D65F58282933174B00DE7F2F /* HomeViewController.swift */,
				ADD683FE293D46F7007C6355 /* ProfileViewController.swift */,
				ADD68400293D4712007C6355 /* NewPostViewController.swift */,
				D60662E1293FA7F10094AAE3 /* BusinessSignUpViewController.swift */,
			);
			path = "View Controllers";
			sourceTree = "<group>";
		};
		D6C2F9782930813B008146D3 = {
			isa = PBXGroup;
			children = (
				D6C2F9832930813B008146D3 /* Gophur */,
				D6C2F9822930813B008146D3 /* Products */,
				690409432946D07100D378B3 /* Recovered References */,
			);
			sourceTree = "<group>";
		};
		D6C2F9822930813B008146D3 /* Products */ = {
			isa = PBXGroup;
			children = (
				D6C2F9812930813B008146D3 /* Gophur.app */,
			);
			name = Products;
			sourceTree = "<group>";
		};
		D6C2F9832930813B008146D3 /* Gophur */ = {
			isa = PBXGroup;
			children = (
				526665652947926800388850 /* Personal Profile */,
				69DB864129424B1B00E0095A /* Map */,
				69DB85F12941076100E0095A /* Business Profile */,
				A55DC49B293EBD95003F6CF4 /* Scheduling UIS */,
				69129864293D7D2C00C5CA2B /* SwiftUI Views */,
				D65F58252933171C00DE7F2F /* View Controllers */,
				D6C2F9842930813B008146D3 /* GophurApp.swift */,
				D6C2F9862930813B008146D3 /* ContentView.swift */,
				6912985F293C2B3200C5CA2B /* Cells */,
				D6C2F99C29309035008146D3 /* LoginSignup.storyboard */,
				D6C2F9882930813C008146D3 /* Assets.xcassets */,
				D6C2F9932930824E008146D3 /* GoogleService-Info.plist */,
				D6C2F98D2930813C008146D3 /* Gophur.entitlements */,
				D6C2F98A2930813C008146D3 /* Preview Content */,
			);
			path = Gophur;
			sourceTree = "<group>";
		};
		D6C2F98A2930813C008146D3 /* Preview Content */ = {
			isa = PBXGroup;
			children = (
				D6C2F98B2930813C008146D3 /* Preview Assets.xcassets */,
			);
			path = "Preview Content";
			sourceTree = "<group>";
		};
/* End PBXGroup section */

/* Begin PBXNativeTarget section */
		D6C2F9802930813B008146D3 /* Gophur */ = {
			isa = PBXNativeTarget;
			buildConfigurationList = D6C2F9902930813C008146D3 /* Build configuration list for PBXNativeTarget "Gophur" */;
			buildPhases = (
				D6C2F97D2930813B008146D3 /* Sources */,
				D6C2F97E2930813B008146D3 /* Frameworks */,
				D6C2F97F2930813B008146D3 /* Resources */,
			);
			buildRules = (
			);
			dependencies = (
			);
			name = Gophur;
			packageProductDependencies = (
				D65F582F29332CB900DE7F2F /* FirebaseAuth */,
				D65F583129332CB900DE7F2F /* FirebaseDatabase */,
				D65F583329332CB900DE7F2F /* FirebaseFirestore */,
				D65F583529332CB900DE7F2F /* FirebaseFirestoreCombine-Community */,
				D65F583729332CB900DE7F2F /* FirebaseFirestoreSwift */,
				D65F583929332CB900DE7F2F /* FirebaseStorage */,
				69F9966F293B293C00D3C0D4 /* Algorithms */,
				69F99674293BABC400D3C0D4 /* FSCalendar */,
			);
			productName = Gophur;
			productReference = D6C2F9812930813B008146D3 /* Gophur.app */;
			productType = "com.apple.product-type.application";
		};
/* End PBXNativeTarget section */

/* Begin PBXProject section */
		D6C2F9792930813B008146D3 /* Project object */ = {
			isa = PBXProject;
			attributes = {
				BuildIndependentTargetsInParallel = 1;
				LastSwiftUpdateCheck = 1410;
				LastUpgradeCheck = 1410;
				TargetAttributes = {
					D6C2F9802930813B008146D3 = {
						CreatedOnToolsVersion = 14.1;
					};
				};
			};
			buildConfigurationList = D6C2F97C2930813B008146D3 /* Build configuration list for PBXProject "Gophur" */;
			compatibilityVersion = "Xcode 14.0";
			developmentRegion = en;
			hasScannedForEncodings = 0;
			knownRegions = (
				en,
				Base,
			);
			mainGroup = D6C2F9782930813B008146D3;
			packageReferences = (
				D65F582E29332CB900DE7F2F /* XCRemoteSwiftPackageReference "firebase-ios-sdk" */,
				69F9966E293B293C00D3C0D4 /* XCRemoteSwiftPackageReference "swift-algorithms" */,
				69F99673293BABC300D3C0D4 /* XCRemoteSwiftPackageReference "FSCalendar" */,
			);
			productRefGroup = D6C2F9822930813B008146D3 /* Products */;
			projectDirPath = "";
			projectRoot = "";
			targets = (
				D6C2F9802930813B008146D3 /* Gophur */,
			);
		};
/* End PBXProject section */

/* Begin PBXResourcesBuildPhase section */
		D6C2F97F2930813B008146D3 /* Resources */ = {
			isa = PBXResourcesBuildPhase;
			buildActionMask = 2147483647;
			files = (
				D6C2F9892930813C008146D3 /* Assets.xcassets in Resources */,
				D6C2F99D29309035008146D3 /* LoginSignup.storyboard in Resources */,
				D6C2F9942930824E008146D3 /* GoogleService-Info.plist in Resources */,
			);
			runOnlyForDeploymentPostprocessing = 0;
		};
/* End PBXResourcesBuildPhase section */

/* Begin PBXSourcesBuildPhase section */
		D6C2F97D2930813B008146D3 /* Sources */ = {
			isa = PBXSourcesBuildPhase;
			buildActionMask = 2147483647;
			files = (
				A55DC49D293EBDA3003F6CF4 /* ClickedDay.swift in Sources */,
				69DB864329424B4200E0095A /* MapView.swift in Sources */,
				69129866293D7D6000C5CA2B /* FriendsView.swift in Sources */,
				690409452946D16000D378B3 /* HomeSwiftUIView.swift in Sources */,
				526665732947943500388850 /* ProfileView1.swift in Sources */,
				69DB86852945738F00E0095A /* Post.swift in Sources */,
				69F99669293B267800D3C0D4 /* DatePickerCalender.swift in Sources */,
				69DB85FF29423D4500E0095A /* AppointmentScheduler.swift in Sources */,
				5266656D2947939D00388850 /* FeedView1.swift in Sources */,
				ADD68401293D4712007C6355 /* NewPostViewController.swift in Sources */,
				D65F582D2933227400DE7F2F /* ViewController.swift in Sources */,
				69DB85F0294106FF00E0095A /* PostCell.swift in Sources */,
				69129861293C2B6E00C5CA2B /* PostPreviewTableViewCell.swift in Sources */,
				D60662E2293FA7F10094AAE3 /* BusinessSignUpViewController.swift in Sources */,
				69F9966B293B273A00D3C0D4 /* FormattedDate.swift in Sources */,
				A5C16BAE2946A4F3004AA53F /* AddAvailability.swift in Sources */,
				A55DC49F293ECF00003F6CF4 /* ConfirmationPage.swift in Sources */,
				D65F58292933174B00DE7F2F /* HomeViewController.swift in Sources */,
				ADD68403293EE59F007C6355 /* ProfileView.swift in Sources */,
				D65F58272933173700DE7F2F /* LoginViewController.swift in Sources */,
				ADD683FF293D46F7007C6355 /* ProfileViewController.swift in Sources */,
				69F99672293B2E5D00D3C0D4 /* CalendarView.swift in Sources */,
				D65F58242933171300DE7F2F /* SignUpViewController.swift in Sources */,
				52666568294792EC00388850 /* TextArea1.swift in Sources */,
				52666570294793E000388850 /* GopherRowView1.swift in Sources */,
				69DB860129423F0300E0095A /* AppointmentListView.swift in Sources */,
				69129863293C2BB700C5CA2B /* PostHeaderTableViewCell.swift in Sources */,
				69DB85F7294107E400E0095A /* BusinessProfileHeader.swift in Sources */,
				D6C2F9872930813B008146D3 /* ContentView.swift in Sources */,
				ADD684302947E485007C6355 /* ImagePickerView.swift in Sources */,
				690409412946984500D378B3 /* TimePickerView.swift in Sources */,
				D6C2F9852930813B008146D3 /* GophurApp.swift in Sources */,
				5266656A2947933400388850 /* NewPostView1.swift in Sources */,
				526665772947947B00388850 /* GopherFilterViewModel1.swift in Sources */,
			);
			runOnlyForDeploymentPostprocessing = 0;
		};
/* End PBXSourcesBuildPhase section */

/* Begin XCBuildConfiguration section */
		D6C2F98E2930813C008146D3 /* Debug */ = {
			isa = XCBuildConfiguration;
			buildSettings = {
				ALWAYS_SEARCH_USER_PATHS = NO;
				CLANG_ANALYZER_NONNULL = YES;
				CLANG_ANALYZER_NUMBER_OBJECT_CONVERSION = YES_AGGRESSIVE;
				CLANG_CXX_LANGUAGE_STANDARD = "gnu++20";
				CLANG_ENABLE_MODULES = YES;
				CLANG_ENABLE_OBJC_ARC = YES;
				CLANG_ENABLE_OBJC_WEAK = YES;
				CLANG_WARN_BLOCK_CAPTURE_AUTORELEASING = YES;
				CLANG_WARN_BOOL_CONVERSION = YES;
				CLANG_WARN_COMMA = YES;
				CLANG_WARN_CONSTANT_CONVERSION = YES;
				CLANG_WARN_DEPRECATED_OBJC_IMPLEMENTATIONS = YES;
				CLANG_WARN_DIRECT_OBJC_ISA_USAGE = YES_ERROR;
				CLANG_WARN_DOCUMENTATION_COMMENTS = YES;
				CLANG_WARN_EMPTY_BODY = YES;
				CLANG_WARN_ENUM_CONVERSION = YES;
				CLANG_WARN_INFINITE_RECURSION = YES;
				CLANG_WARN_INT_CONVERSION = YES;
				CLANG_WARN_NON_LITERAL_NULL_CONVERSION = YES;
				CLANG_WARN_OBJC_IMPLICIT_RETAIN_SELF = YES;
				CLANG_WARN_OBJC_LITERAL_CONVERSION = YES;
				CLANG_WARN_OBJC_ROOT_CLASS = YES_ERROR;
				CLANG_WARN_QUOTED_INCLUDE_IN_FRAMEWORK_HEADER = YES;
				CLANG_WARN_RANGE_LOOP_ANALYSIS = YES;
				CLANG_WARN_STRICT_PROTOTYPES = YES;
				CLANG_WARN_SUSPICIOUS_MOVE = YES;
				CLANG_WARN_UNGUARDED_AVAILABILITY = YES_AGGRESSIVE;
				CLANG_WARN_UNREACHABLE_CODE = YES;
				CLANG_WARN__DUPLICATE_METHOD_MATCH = YES;
				COPY_PHASE_STRIP = NO;
				DEBUG_INFORMATION_FORMAT = dwarf;
				ENABLE_STRICT_OBJC_MSGSEND = YES;
				ENABLE_TESTABILITY = YES;
				GCC_C_LANGUAGE_STANDARD = gnu11;
				GCC_DYNAMIC_NO_PIC = NO;
				GCC_NO_COMMON_BLOCKS = YES;
				GCC_OPTIMIZATION_LEVEL = 0;
				GCC_PREPROCESSOR_DEFINITIONS = (
					"DEBUG=1",
					"$(inherited)",
				);
				GCC_WARN_64_TO_32_BIT_CONVERSION = YES;
				GCC_WARN_ABOUT_RETURN_TYPE = YES_ERROR;
				GCC_WARN_UNDECLARED_SELECTOR = YES;
				GCC_WARN_UNINITIALIZED_AUTOS = YES_AGGRESSIVE;
				GCC_WARN_UNUSED_FUNCTION = YES;
				GCC_WARN_UNUSED_VARIABLE = YES;
				MACOSX_DEPLOYMENT_TARGET = 13.0;
				MTL_ENABLE_DEBUG_INFO = INCLUDE_SOURCE;
				MTL_FAST_MATH = YES;
				ONLY_ACTIVE_ARCH = YES;
				SDKROOT = iphoneos;
				SWIFT_ACTIVE_COMPILATION_CONDITIONS = DEBUG;
				SWIFT_OPTIMIZATION_LEVEL = "-Onone";
			};
			name = Debug;
		};
		D6C2F98F2930813C008146D3 /* Release */ = {
			isa = XCBuildConfiguration;
			buildSettings = {
				ALWAYS_SEARCH_USER_PATHS = NO;
				CLANG_ANALYZER_NONNULL = YES;
				CLANG_ANALYZER_NUMBER_OBJECT_CONVERSION = YES_AGGRESSIVE;
				CLANG_CXX_LANGUAGE_STANDARD = "gnu++20";
				CLANG_ENABLE_MODULES = YES;
				CLANG_ENABLE_OBJC_ARC = YES;
				CLANG_ENABLE_OBJC_WEAK = YES;
				CLANG_WARN_BLOCK_CAPTURE_AUTORELEASING = YES;
				CLANG_WARN_BOOL_CONVERSION = YES;
				CLANG_WARN_COMMA = YES;
				CLANG_WARN_CONSTANT_CONVERSION = YES;
				CLANG_WARN_DEPRECATED_OBJC_IMPLEMENTATIONS = YES;
				CLANG_WARN_DIRECT_OBJC_ISA_USAGE = YES_ERROR;
				CLANG_WARN_DOCUMENTATION_COMMENTS = YES;
				CLANG_WARN_EMPTY_BODY = YES;
				CLANG_WARN_ENUM_CONVERSION = YES;
				CLANG_WARN_INFINITE_RECURSION = YES;
				CLANG_WARN_INT_CONVERSION = YES;
				CLANG_WARN_NON_LITERAL_NULL_CONVERSION = YES;
				CLANG_WARN_OBJC_IMPLICIT_RETAIN_SELF = YES;
				CLANG_WARN_OBJC_LITERAL_CONVERSION = YES;
				CLANG_WARN_OBJC_ROOT_CLASS = YES_ERROR;
				CLANG_WARN_QUOTED_INCLUDE_IN_FRAMEWORK_HEADER = YES;
				CLANG_WARN_RANGE_LOOP_ANALYSIS = YES;
				CLANG_WARN_STRICT_PROTOTYPES = YES;
				CLANG_WARN_SUSPICIOUS_MOVE = YES;
				CLANG_WARN_UNGUARDED_AVAILABILITY = YES_AGGRESSIVE;
				CLANG_WARN_UNREACHABLE_CODE = YES;
				CLANG_WARN__DUPLICATE_METHOD_MATCH = YES;
				COPY_PHASE_STRIP = NO;
				DEBUG_INFORMATION_FORMAT = "dwarf-with-dsym";
				ENABLE_NS_ASSERTIONS = NO;
				ENABLE_STRICT_OBJC_MSGSEND = YES;
				GCC_C_LANGUAGE_STANDARD = gnu11;
				GCC_NO_COMMON_BLOCKS = YES;
				GCC_WARN_64_TO_32_BIT_CONVERSION = YES;
				GCC_WARN_ABOUT_RETURN_TYPE = YES_ERROR;
				GCC_WARN_UNDECLARED_SELECTOR = YES;
				GCC_WARN_UNINITIALIZED_AUTOS = YES_AGGRESSIVE;
				GCC_WARN_UNUSED_FUNCTION = YES;
				GCC_WARN_UNUSED_VARIABLE = YES;
				MACOSX_DEPLOYMENT_TARGET = 13.0;
				MTL_ENABLE_DEBUG_INFO = NO;
				MTL_FAST_MATH = YES;
				SDKROOT = iphoneos;
				SWIFT_COMPILATION_MODE = wholemodule;
				SWIFT_OPTIMIZATION_LEVEL = "-O";
			};
			name = Release;
		};
		D6C2F9912930813C008146D3 /* Debug */ = {
			isa = XCBuildConfiguration;
			buildSettings = {
				ASSETCATALOG_COMPILER_APPICON_NAME = iosAppIcon;
				ASSETCATALOG_COMPILER_GLOBAL_ACCENT_COLOR_NAME = AccentColor;
				CODE_SIGN_ENTITLEMENTS = Gophur/Gophur.entitlements;
				CODE_SIGN_STYLE = Automatic;
				COMBINE_HIDPI_IMAGES = YES;
				CURRENT_PROJECT_VERSION = 1;
				DEVELOPMENT_ASSET_PATHS = "\"Gophur/Preview Content\"";
				DEVELOPMENT_TEAM = 8MZQ8P8FTL;
				ENABLE_PREVIEWS = YES;
				GENERATE_INFOPLIST_FILE = YES;
				INFOPLIST_KEY_LSApplicationCategoryType = "public.app-category.social-networking";
				INFOPLIST_KEY_NSHumanReadableCopyright = "";
				INFOPLIST_KEY_UILaunchStoryboardName = LoginSignup.storyboard;
				INFOPLIST_KEY_UISupportedInterfaceOrientations = UIInterfaceOrientationPortrait;
				LD_RUNPATH_SEARCH_PATHS = (
					"$(inherited)",
					"@executable_path/../Frameworks",
				);
				MARKETING_VERSION = 1.0;
				PRODUCT_BUNDLE_IDENTIFIER = EC327.Gophur;
				PRODUCT_NAME = "$(TARGET_NAME)";
				SUPPORTED_PLATFORMS = "iphoneos iphonesimulator";
				SUPPORTS_MACCATALYST = NO;
				SUPPORTS_MAC_DESIGNED_FOR_IPHONE_IPAD = NO;
				SWIFT_EMIT_LOC_STRINGS = YES;
				SWIFT_VERSION = 5.0;
				TARGETED_DEVICE_FAMILY = 1;
			};
			name = Debug;
		};
		D6C2F9922930813C008146D3 /* Release */ = {
			isa = XCBuildConfiguration;
			buildSettings = {
				ASSETCATALOG_COMPILER_APPICON_NAME = iosAppIcon;
				ASSETCATALOG_COMPILER_GLOBAL_ACCENT_COLOR_NAME = AccentColor;
				CODE_SIGN_ENTITLEMENTS = Gophur/Gophur.entitlements;
				CODE_SIGN_STYLE = Automatic;
				COMBINE_HIDPI_IMAGES = YES;
				CURRENT_PROJECT_VERSION = 1;
				DEVELOPMENT_ASSET_PATHS = "\"Gophur/Preview Content\"";
				ENABLE_PREVIEWS = YES;
				GENERATE_INFOPLIST_FILE = YES;
				INFOPLIST_KEY_LSApplicationCategoryType = "public.app-category.social-networking";
				INFOPLIST_KEY_NSHumanReadableCopyright = "";
				INFOPLIST_KEY_UILaunchStoryboardName = LoginSignup.storyboard;
				INFOPLIST_KEY_UISupportedInterfaceOrientations = UIInterfaceOrientationPortrait;
				LD_RUNPATH_SEARCH_PATHS = (
					"$(inherited)",
					"@executable_path/../Frameworks",
				);
				MARKETING_VERSION = 1.0;
				PRODUCT_BUNDLE_IDENTIFIER = EC327.Gophur;
				PRODUCT_NAME = "$(TARGET_NAME)";
				SUPPORTED_PLATFORMS = "iphoneos iphonesimulator";
				SUPPORTS_MACCATALYST = NO;
				SUPPORTS_MAC_DESIGNED_FOR_IPHONE_IPAD = NO;
				SWIFT_EMIT_LOC_STRINGS = YES;
				SWIFT_VERSION = 5.0;
				TARGETED_DEVICE_FAMILY = 1;
			};
			name = Release;
		};
/* End XCBuildConfiguration section */

/* Begin XCConfigurationList section */
		D6C2F97C2930813B008146D3 /* Build configuration list for PBXProject "Gophur" */ = {
			isa = XCConfigurationList;
			buildConfigurations = (
				D6C2F98E2930813C008146D3 /* Debug */,
				D6C2F98F2930813C008146D3 /* Release */,
			);
			defaultConfigurationIsVisible = 0;
			defaultConfigurationName = Release;
		};
		D6C2F9902930813C008146D3 /* Build configuration list for PBXNativeTarget "Gophur" */ = {
			isa = XCConfigurationList;
			buildConfigurations = (
				D6C2F9912930813C008146D3 /* Debug */,
				D6C2F9922930813C008146D3 /* Release */,
			);
			defaultConfigurationIsVisible = 0;
			defaultConfigurationName = Release;
		};
/* End XCConfigurationList section */

/* Begin XCRemoteSwiftPackageReference section */
		69F9966E293B293C00D3C0D4 /* XCRemoteSwiftPackageReference "swift-algorithms" */ = {
			isa = XCRemoteSwiftPackageReference;
			repositoryURL = "https://github.com/apple/swift-algorithms.git";
			requirement = {
				kind = upToNextMajorVersion;
				minimumVersion = 1.0.0;
			};
		};
		69F99673293BABC300D3C0D4 /* XCRemoteSwiftPackageReference "FSCalendar" */ = {
			isa = XCRemoteSwiftPackageReference;
			repositoryURL = "https://github.com/WenchaoD/FSCalendar.git";
			requirement = {
				kind = upToNextMajorVersion;
				minimumVersion = 2.0.0;
			};
		};
		D65F582E29332CB900DE7F2F /* XCRemoteSwiftPackageReference "firebase-ios-sdk" */ = {
			isa = XCRemoteSwiftPackageReference;
			repositoryURL = "https://github.com/firebase/firebase-ios-sdk.git";
			requirement = {
				branch = master;
				kind = branch;
			};
		};
/* End XCRemoteSwiftPackageReference section */

/* Begin XCSwiftPackageProductDependency section */
		69F9966F293B293C00D3C0D4 /* Algorithms */ = {
			isa = XCSwiftPackageProductDependency;
			package = 69F9966E293B293C00D3C0D4 /* XCRemoteSwiftPackageReference "swift-algorithms" */;
			productName = Algorithms;
		};
		69F99674293BABC400D3C0D4 /* FSCalendar */ = {
			isa = XCSwiftPackageProductDependency;
			package = 69F99673293BABC300D3C0D4 /* XCRemoteSwiftPackageReference "FSCalendar" */;
			productName = FSCalendar;
		};
		D65F582F29332CB900DE7F2F /* FirebaseAuth */ = {
			isa = XCSwiftPackageProductDependency;
			package = D65F582E29332CB900DE7F2F /* XCRemoteSwiftPackageReference "firebase-ios-sdk" */;
			productName = FirebaseAuth;
		};
		D65F583129332CB900DE7F2F /* FirebaseDatabase */ = {
			isa = XCSwiftPackageProductDependency;
			package = D65F582E29332CB900DE7F2F /* XCRemoteSwiftPackageReference "firebase-ios-sdk" */;
			productName = FirebaseDatabase;
		};
		D65F583329332CB900DE7F2F /* FirebaseFirestore */ = {
			isa = XCSwiftPackageProductDependency;
			package = D65F582E29332CB900DE7F2F /* XCRemoteSwiftPackageReference "firebase-ios-sdk" */;
			productName = FirebaseFirestore;
		};
		D65F583529332CB900DE7F2F /* FirebaseFirestoreCombine-Community */ = {
			isa = XCSwiftPackageProductDependency;
			package = D65F582E29332CB900DE7F2F /* XCRemoteSwiftPackageReference "firebase-ios-sdk" */;
			productName = "FirebaseFirestoreCombine-Community";
		};
		D65F583729332CB900DE7F2F /* FirebaseFirestoreSwift */ = {
			isa = XCSwiftPackageProductDependency;
			package = D65F582E29332CB900DE7F2F /* XCRemoteSwiftPackageReference "firebase-ios-sdk" */;
			productName = FirebaseFirestoreSwift;
		};
		D65F583929332CB900DE7F2F /* FirebaseStorage */ = {
			isa = XCSwiftPackageProductDependency;
			package = D65F582E29332CB900DE7F2F /* XCRemoteSwiftPackageReference "firebase-ios-sdk" */;
			productName = FirebaseStorage;
		};
/* End XCSwiftPackageProductDependency section */
	};
	rootObject = D6C2F9792930813B008146D3 /* Project object */;
}
